Microsoft Visual Studio Solution File, Format Version 12.00
# Visual Studio Version 16
VisualStudioVersion = 16.0.30128.74
MinimumVisualStudioVersion = 10.0.40219.1
Project("{FAE04EC0-301F-11D3-BF4B-00C04F79EFBC}") = "TrelloConnector", "TrelloConnector\TrelloConnector.csproj", "{9BC6D61A-5D4B-4D57-BC6B-5E3F9D04377E}"
EndProject
Project("{E24C65DC-7377-472B-9ABA-BC803B73C61A}") = "Site", "http://localhost:5555", "{9465C6F0-ED04-474D-8939-03AEEF2F6479}"
	ProjectSection(WebsiteProperties) = preProject
		SccProjectName = "SAK"
		SccAuxPath = "SAK"
		SccLocalPath = "SAK"
		SccProvider = "SAK"
		UseIISExpress = "true"
		TargetFrameworkMoniker = ".NETFramework,Version%3Dv4.7.1"
		ProjectReferences = "{9bc6d61a-5d4b-4d57-bc6b-5e3f9d04377e}|TrelloConnector.dll;"
		Debug.AspNetCompiler.VirtualPath = "/localhost_5555"
		Debug.AspNetCompiler.PhysicalPath = "..\..\..\20_20\WebSites\Pure\Site\"
		Debug.AspNetCompiler.TargetPath = "PrecompiledWeb\localhost_5555\"
		Debug.AspNetCompiler.Updateable = "true"
		Debug.AspNetCompiler.ForceOverwrite = "true"
		Debug.AspNetCompiler.FixedNames = "false"
		Debug.AspNetCompiler.Debug = "True"
		Release.AspNetCompiler.VirtualPath = "/localhost_5555"
		Release.AspNetCompiler.PhysicalPath = "..\..\..\20_20\WebSites\Pure\Site\"
		Release.AspNetCompiler.TargetPath = "PrecompiledWeb\localhost_5555\"
		Release.AspNetCompiler.Updateable = "true"
		Release.AspNetCompiler.ForceOverwrite = "true"
		Release.AspNetCompiler.FixedNames = "false"
		Release.AspNetCompiler.Debug = "False"
		SlnRelativePath = "..\..\..\20_20\WebSites\Pure\Site\"
	EndProjectSection
EndProject
Global
	GlobalSection(SolutionConfigurationPlatforms) = preSolution
		Debug|Any CPU = Debug|Any CPU
	EndGlobalSection
	GlobalSection(ProjectConfigurationPlatforms) = postSolution
		{9BC6D61A-5D4B-4D57-BC6B-5E3F9D04377E}.Debug|Any CPU.ActiveCfg = Debug|Any CPU
		{9BC6D61A-5D4B-4D57-BC6B-5E3F9D04377E}.Debug|Any CPU.Build.0 = Debug|Any CPU
		{9465C6F0-ED04-474D-8939-03AEEF2F6479}.Debug|Any CPU.ActiveCfg = Debug|Any CPU
		{9465C6F0-ED04-474D-8939-03AEEF2F6479}.Debug|Any CPU.Build.0 = Debug|Any CPU
	EndGlobalSection
	GlobalSection(SolutionProperties) = preSolution
		HideSolutionNode = FALSE
	EndGlobalSection
	GlobalSection(ExtensibilityGlobals) = postSolution
		SolutionGuid = {7918FF58-075E-47E3-B673-AEE4007CF2CF}
	EndGlobalSection
EndGlobal
